// !$*UTF8*$!
{
	archiveVersion = 1;
	classes = {
	};
	objectVersion = 46;
	objects = {

/* Begin PBXBuildFile section */
		006D720419952D00008149E2 /* AVFoundation.framework in Frameworks */ = {isa = PBXBuildFile; fileRef = 006D720219952D00008149E2 /* AVFoundation.framework */; };
		006D720519952D00008149E2 /* CoreMedia.framework in Frameworks */ = {isa = PBXBuildFile; fileRef = 006D720319952D00008149E2 /* CoreMedia.framework */; };
		0091D8F90E81B9330029341E /* OpenGL.framework in Frameworks */ = {isa = PBXBuildFile; fileRef = 0091D8F80E81B9330029341E /* OpenGL.framework */; };
		00B784B30FF439BC000DE1D7 /* Accelerate.framework in Frameworks */ = {isa = PBXBuildFile; fileRef = 00B784AF0FF439BC000DE1D7 /* Accelerate.framework */; };
		00B784B40FF439BC000DE1D7 /* AudioToolbox.framework in Frameworks */ = {isa = PBXBuildFile; fileRef = 00B784B00FF439BC000DE1D7 /* AudioToolbox.framework */; };
		00B784B50FF439BC000DE1D7 /* AudioUnit.framework in Frameworks */ = {isa = PBXBuildFile; fileRef = 00B784B10FF439BC000DE1D7 /* AudioUnit.framework */; };
		00B784B60FF439BC000DE1D7 /* CoreAudio.framework in Frameworks */ = {isa = PBXBuildFile; fileRef = 00B784B20FF439BC000DE1D7 /* CoreAudio.framework */; };
		00B9955A1B128DF400A5C623 /* IOKit.framework in Frameworks */ = {isa = PBXBuildFile; fileRef = 00B995581B128DF400A5C623 /* IOKit.framework */; };
		00B9955B1B128DF400A5C623 /* IOSurface.framework in Frameworks */ = {isa = PBXBuildFile; fileRef = 00B995591B128DF400A5C623 /* IOSurface.framework */; };
		48F52010328A4BBEAE561643 /* CinderApp.icns in Resources */ = {isa = PBXBuildFile; fileRef = 5DBFED11E9F64CD38DE4614A /* CinderApp.icns */; };
		5055A5CA6C974DDF84AC3407 /* SQLiteSampleApp.cpp in Sources */ = {isa = PBXBuildFile; fileRef = B209D6DCF256496197753A8F /* SQLiteSampleApp.cpp */; };
		5323E6B20EAFCA74003A9687 /* CoreVideo.framework in Frameworks */ = {isa = PBXBuildFile; fileRef = 5323E6B10EAFCA74003A9687 /* CoreVideo.framework */; };
		5B622C35176740C39926CB27 /* sqlite3.c in Sources */ = {isa = PBXBuildFile; fileRef = DC9BC0239236475E86C3829C /* sqlite3.c */; };
		7A4E84312F1345448DF5779D /* Database.cpp in Sources */ = {isa = PBXBuildFile; fileRef = D28751016ACF4AA6ABF67A0E /* Database.cpp */; };
		7E69ACDA6FB44926AF354415 /* Transaction.cpp in Sources */ = {isa = PBXBuildFile; fileRef = 121DF9332AC2413AA3315B52 /* Transaction.cpp */; };
		8D11072F0486CEB800E47090 /* Cocoa.framework in Frameworks */ = {isa = PBXBuildFile; fileRef = 1058C7A1FEA54F0111CA2CBB /* Cocoa.framework */; };
		9F678882FA93446DBCE4FC66 /* Column.cpp in Sources */ = {isa = PBXBuildFile; fileRef = DB6ECA669CC543C8B93ADD90 /* Column.cpp */; };
		B63FFF40E86747C1B0118134 /* Statement.cpp in Sources */ = {isa = PBXBuildFile; fileRef = CCB1D2F78E4142B9A3AF5E4C /* Statement.cpp */; };
		C5EAE781A7964A3BA2989A53 /* cocSQLite.cpp in Sources */ = {isa = PBXBuildFile; fileRef = 727A97B123F642CEA5950C6B /* cocSQLite.cpp */; };
		D2A8D81A61B047989564C34F /* Backup.cpp in Sources */ = {isa = PBXBuildFile; fileRef = 223B06B2C7144EB1B032DDD7 /* Backup.cpp */; };
/* End PBXBuildFile section */

/* Begin PBXFileReference section */
		006D720219952D00008149E2 /* AVFoundation.framework */ = {isa = PBXFileReference; lastKnownFileType = wrapper.framework; name = AVFoundation.framework; path = System/Library/Frameworks/AVFoundation.framework; sourceTree = SDKROOT; };
		006D720319952D00008149E2 /* CoreMedia.framework */ = {isa = PBXFileReference; lastKnownFileType = wrapper.framework; name = CoreMedia.framework; path = System/Library/Frameworks/CoreMedia.framework; sourceTree = SDKROOT; };
		0091D8F80E81B9330029341E /* OpenGL.framework */ = {isa = PBXFileReference; lastKnownFileType = wrapper.framework; name = OpenGL.framework; path = /System/Library/Frameworks/OpenGL.framework; sourceTree = "<absolute>"; };
		00B784AF0FF439BC000DE1D7 /* Accelerate.framework */ = {isa = PBXFileReference; lastKnownFileType = wrapper.framework; name = Accelerate.framework; path = System/Library/Frameworks/Accelerate.framework; sourceTree = SDKROOT; };
		00B784B00FF439BC000DE1D7 /* AudioToolbox.framework */ = {isa = PBXFileReference; lastKnownFileType = wrapper.framework; name = AudioToolbox.framework; path = System/Library/Frameworks/AudioToolbox.framework; sourceTree = SDKROOT; };
		00B784B10FF439BC000DE1D7 /* AudioUnit.framework */ = {isa = PBXFileReference; lastKnownFileType = wrapper.framework; name = AudioUnit.framework; path = System/Library/Frameworks/AudioUnit.framework; sourceTree = SDKROOT; };
		00B784B20FF439BC000DE1D7 /* CoreAudio.framework */ = {isa = PBXFileReference; lastKnownFileType = wrapper.framework; name = CoreAudio.framework; path = System/Library/Frameworks/CoreAudio.framework; sourceTree = SDKROOT; };
		00B995581B128DF400A5C623 /* IOKit.framework */ = {isa = PBXFileReference; lastKnownFileType = wrapper.framework; name = IOKit.framework; path = System/Library/Frameworks/IOKit.framework; sourceTree = SDKROOT; };
		00B995591B128DF400A5C623 /* IOSurface.framework */ = {isa = PBXFileReference; lastKnownFileType = wrapper.framework; name = IOSurface.framework; path = System/Library/Frameworks/IOSurface.framework; sourceTree = SDKROOT; };
		1058C7A1FEA54F0111CA2CBB /* Cocoa.framework */ = {isa = PBXFileReference; lastKnownFileType = wrapper.framework; name = Cocoa.framework; path = /System/Library/Frameworks/Cocoa.framework; sourceTree = "<absolute>"; };
		121DF9332AC2413AA3315B52 /* Transaction.cpp */ = {isa = PBXFileReference; lastKnownFileType = sourcecode.c.cpp; name = Transaction.cpp; path = ../../../libs/SQLiteCpp/src/Transaction.cpp; sourceTree = "<group>"; };
		1CDE2D76734742E4A9A6672A /* Exception.h */ = {isa = PBXFileReference; lastKnownFileType = sourcecode.c.h; name = Exception.h; path = ../../../libs/SQLiteCpp/include/SQLiteCpp/Exception.h; sourceTree = "<group>"; };
		223B06B2C7144EB1B032DDD7 /* Backup.cpp */ = {isa = PBXFileReference; lastKnownFileType = sourcecode.c.cpp; name = Backup.cpp; path = ../../../libs/SQLiteCpp/src/Backup.cpp; sourceTree = "<group>"; };
		29B97324FDCFA39411CA2CEA /* AppKit.framework */ = {isa = PBXFileReference; lastKnownFileType = wrapper.framework; name = AppKit.framework; path = /System/Library/Frameworks/AppKit.framework; sourceTree = "<absolute>"; };
		29B97325FDCFA39411CA2CEA /* Foundation.framework */ = {isa = PBXFileReference; lastKnownFileType = wrapper.framework; name = Foundation.framework; path = /System/Library/Frameworks/Foundation.framework; sourceTree = "<absolute>"; };
		2C782620B41944D898C9FC75 /* SQLiteCpp.h */ = {isa = PBXFileReference; lastKnownFileType = sourcecode.c.h; name = SQLiteCpp.h; path = ../../../libs/SQLiteCpp/include/SQLiteCpp/SQLiteCpp.h; sourceTree = "<group>"; };
		3020C0A8E9F243419F4BC180 /* Info.plist */ = {isa = PBXFileReference; lastKnownFileType = text.plist.xml; path = Info.plist; sourceTree = "<group>"; };
		3EC914CD15A74B2C9496405D /* Column.h */ = {isa = PBXFileReference; lastKnownFileType = sourcecode.c.h; name = Column.h; path = ../../../libs/SQLiteCpp/include/SQLiteCpp/Column.h; sourceTree = "<group>"; };
		41BD150904D24936A2E8B81D /* Assertion.h */ = {isa = PBXFileReference; lastKnownFileType = sourcecode.c.h; name = Assertion.h; path = ../../../libs/SQLiteCpp/include/SQLiteCpp/Assertion.h; sourceTree = "<group>"; };
		5323E6B10EAFCA74003A9687 /* CoreVideo.framework */ = {isa = PBXFileReference; lastKnownFileType = wrapper.framework; name = CoreVideo.framework; path = /System/Library/Frameworks/CoreVideo.framework; sourceTree = "<absolute>"; };
		57531D981FC6407A9D955B79 /* SQLiteSample_Prefix.pch */ = {isa = PBXFileReference; lastKnownFileType = "\"\""; path = SQLiteSample_Prefix.pch; sourceTree = "<group>"; };
		5B5275B060424828AFC7E2EF /* cocSQLite.h */ = {isa = PBXFileReference; lastKnownFileType = sourcecode.c.h; name = cocSQLite.h; path = ../../../src/cocSQLite.h; sourceTree = "<group>"; };
		5DBFED11E9F64CD38DE4614A /* CinderApp.icns */ = {isa = PBXFileReference; lastKnownFileType = image.icns; name = CinderApp.icns; path = ../resources/CinderApp.icns; sourceTree = "<group>"; };
		727A97B123F642CEA5950C6B /* cocSQLite.cpp */ = {isa = PBXFileReference; lastKnownFileType = sourcecode.cpp.cpp; name = cocSQLite.cpp; path = ../../../src/cocSQLite.cpp; sourceTree = "<group>"; };
		8C62C26D119E4C0790D00CE9 /* Database.h */ = {isa = PBXFileReference; lastKnownFileType = sourcecode.c.h; name = Database.h; path = ../../../libs/SQLiteCpp/include/SQLiteCpp/Database.h; sourceTree = "<group>"; };
		8D1107320486CEB800E47090 /* SQLiteSample.app */ = {isa = PBXFileReference; explicitFileType = wrapper.application; includeInIndex = 0; path = SQLiteSample.app; sourceTree = BUILT_PRODUCTS_DIR; };
		8D901DF02E6F4FD9A1A1F106 /* Statement.h */ = {isa = PBXFileReference; lastKnownFileType = sourcecode.c.h; name = Statement.h; path = ../../../libs/SQLiteCpp/include/SQLiteCpp/Statement.h; sourceTree = "<group>"; };
		8FB74369668D4C1CA8B3B0F7 /* sqlite3.h */ = {isa = PBXFileReference; lastKnownFileType = sourcecode.c.h; name = sqlite3.h; path = ../../../libs/SQLiteCpp/sqlite3/sqlite3.h; sourceTree = "<group>"; };
		B209D6DCF256496197753A8F /* SQLiteSampleApp.cpp */ = {isa = PBXFileReference; lastKnownFileType = sourcecode.c.cpp; name = SQLiteSampleApp.cpp; path = ../src/SQLiteSampleApp.cpp; sourceTree = "<group>"; };
		C432EF7309F4465BA0621EAC /* Transaction.h */ = {isa = PBXFileReference; lastKnownFileType = sourcecode.c.h; name = Transaction.h; path = ../../../libs/SQLiteCpp/include/SQLiteCpp/Transaction.h; sourceTree = "<group>"; };
		CABB90C189984429B75180D0 /* Resources.h */ = {isa = PBXFileReference; lastKnownFileType = sourcecode.c.h; name = Resources.h; path = ../include/Resources.h; sourceTree = "<group>"; };
		CCB1D2F78E4142B9A3AF5E4C /* Statement.cpp */ = {isa = PBXFileReference; lastKnownFileType = sourcecode.c.cpp; name = Statement.cpp; path = ../../../libs/SQLiteCpp/src/Statement.cpp; sourceTree = "<group>"; };
		D28751016ACF4AA6ABF67A0E /* Database.cpp */ = {isa = PBXFileReference; lastKnownFileType = sourcecode.c.cpp; name = Database.cpp; path = ../../../libs/SQLiteCpp/src/Database.cpp; sourceTree = "<group>"; };
		DB3682A7245B4C3798CFC237 /* Backup.h */ = {isa = PBXFileReference; lastKnownFileType = sourcecode.c.h; name = Backup.h; path = ../../../libs/SQLiteCpp/include/SQLiteCpp/Backup.h; sourceTree = "<group>"; };
		DB6ECA669CC543C8B93ADD90 /* Column.cpp */ = {isa = PBXFileReference; lastKnownFileType = sourcecode.c.cpp; name = Column.cpp; path = ../../../libs/SQLiteCpp/src/Column.cpp; sourceTree = "<group>"; };
		DC9BC0239236475E86C3829C /* sqlite3.c */ = {isa = PBXFileReference; lastKnownFileType = "\"\""; name = sqlite3.c; path = ../../../libs/SQLiteCpp/sqlite3/sqlite3.c; sourceTree = "<group>"; };
/* End PBXFileReference section */

/* Begin PBXFrameworksBuildPhase section */
		8D11072E0486CEB800E47090 /* Frameworks */ = {
			isa = PBXFrameworksBuildPhase;
			buildActionMask = 2147483647;
			files = (
				006D720419952D00008149E2 /* AVFoundation.framework in Frameworks */,
				006D720519952D00008149E2 /* CoreMedia.framework in Frameworks */,
				8D11072F0486CEB800E47090 /* Cocoa.framework in Frameworks */,
				0091D8F90E81B9330029341E /* OpenGL.framework in Frameworks */,
				5323E6B20EAFCA74003A9687 /* CoreVideo.framework in Frameworks */,
				00B784B30FF439BC000DE1D7 /* Accelerate.framework in Frameworks */,
				00B784B40FF439BC000DE1D7 /* AudioToolbox.framework in Frameworks */,
				00B784B50FF439BC000DE1D7 /* AudioUnit.framework in Frameworks */,
				00B784B60FF439BC000DE1D7 /* CoreAudio.framework in Frameworks */,
				00B9955A1B128DF400A5C623 /* IOKit.framework in Frameworks */,
				00B9955B1B128DF400A5C623 /* IOSurface.framework in Frameworks */,
			);
			runOnlyForDeploymentPostprocessing = 0;
		};
/* End PBXFrameworksBuildPhase section */

/* Begin PBXGroup section */
		01B97315FEAEA392516A2CEA /* Blocks */ = {
			isa = PBXGroup;
			children = (
				BA6BECA9384F4F85973F8111 /* CoC-SQLite */,
			);
			name = Blocks;
			sourceTree = "<group>";
		};
		080E96DDFE201D6D7F000001 /* Source */ = {
			isa = PBXGroup;
			children = (
				B209D6DCF256496197753A8F /* SQLiteSampleApp.cpp */,
			);
			name = Source;
			sourceTree = "<group>";
		};
		1058C7A0FEA54F0111CA2CBB /* Linked Frameworks */ = {
			isa = PBXGroup;
			children = (
				006D720219952D00008149E2 /* AVFoundation.framework */,
				006D720319952D00008149E2 /* CoreMedia.framework */,
				00B784AF0FF439BC000DE1D7 /* Accelerate.framework */,
				00B784B00FF439BC000DE1D7 /* AudioToolbox.framework */,
				00B784B10FF439BC000DE1D7 /* AudioUnit.framework */,
				00B784B20FF439BC000DE1D7 /* CoreAudio.framework */,
				5323E6B10EAFCA74003A9687 /* CoreVideo.framework */,
				0091D8F80E81B9330029341E /* OpenGL.framework */,
				1058C7A1FEA54F0111CA2CBB /* Cocoa.framework */,
				00B995581B128DF400A5C623 /* IOKit.framework */,
				00B995591B128DF400A5C623 /* IOSurface.framework */,
			);
			name = "Linked Frameworks";
			sourceTree = "<group>";
		};
		1058C7A2FEA54F0111CA2CBB /* Other Frameworks */ = {
			isa = PBXGroup;
			children = (
				29B97324FDCFA39411CA2CEA /* AppKit.framework */,
				29B97325FDCFA39411CA2CEA /* Foundation.framework */,
			);
			name = "Other Frameworks";
			sourceTree = "<group>";
		};
		19C28FACFE9D520D11CA2CBB /* Products */ = {
			isa = PBXGroup;
			children = (
				8D1107320486CEB800E47090 /* SQLiteSample.app */,
			);
			name = Products;
			sourceTree = "<group>";
		};
		25EC65DF23F04D0B9B5D1543 /* include */ = {
			isa = PBXGroup;
			children = (
				67B5C4EFA40C48BE845CC269 /* SQLiteCpp */,
			);
			name = include;
			sourceTree = "<group>";
		};
		29B97314FDCFA39411CA2CEA /* SQLiteSample */ = {
			isa = PBXGroup;
			children = (
				01B97315FEAEA392516A2CEA /* Blocks */,
				29B97315FDCFA39411CA2CEA /* Headers */,
				080E96DDFE201D6D7F000001 /* Source */,
				29B97317FDCFA39411CA2CEA /* Resources */,
				29B97323FDCFA39411CA2CEA /* Frameworks */,
				19C28FACFE9D520D11CA2CBB /* Products */,
			);
			name = SQLiteSample;
			sourceTree = "<group>";
		};
		29B97315FDCFA39411CA2CEA /* Headers */ = {
			isa = PBXGroup;
			children = (
				CABB90C189984429B75180D0 /* Resources.h */,
				57531D981FC6407A9D955B79 /* SQLiteSample_Prefix.pch */,
			);
			name = Headers;
			sourceTree = "<group>";
		};
		29B97317FDCFA39411CA2CEA /* Resources */ = {
			isa = PBXGroup;
			children = (
				5DBFED11E9F64CD38DE4614A /* CinderApp.icns */,
				3020C0A8E9F243419F4BC180 /* Info.plist */,
			);
			name = Resources;
			sourceTree = "<group>";
		};
		29B97323FDCFA39411CA2CEA /* Frameworks */ = {
			isa = PBXGroup;
			children = (
				1058C7A0FEA54F0111CA2CBB /* Linked Frameworks */,
				1058C7A2FEA54F0111CA2CBB /* Other Frameworks */,
			);
			name = Frameworks;
			sourceTree = "<group>";
		};
		3F7F2FA60FFF4BD990B93A02 /* libs */ = {
			isa = PBXGroup;
			children = (
				B2EB902BFC484F819E46C542 /* SQLiteCpp */,
			);
			name = libs;
			sourceTree = "<group>";
		};
		67B5C4EFA40C48BE845CC269 /* SQLiteCpp */ = {
			isa = PBXGroup;
			children = (
				41BD150904D24936A2E8B81D /* Assertion.h */,
				DB3682A7245B4C3798CFC237 /* Backup.h */,
				3EC914CD15A74B2C9496405D /* Column.h */,
				8C62C26D119E4C0790D00CE9 /* Database.h */,
				1CDE2D76734742E4A9A6672A /* Exception.h */,
				2C782620B41944D898C9FC75 /* SQLiteCpp.h */,
				8D901DF02E6F4FD9A1A1F106 /* Statement.h */,
				C432EF7309F4465BA0621EAC /* Transaction.h */,
			);
			name = SQLiteCpp;
			sourceTree = "<group>";
		};
		872946DAB590419C8B60F074 /* src */ = {
			isa = PBXGroup;
			children = (
				223B06B2C7144EB1B032DDD7 /* Backup.cpp */,
				DB6ECA669CC543C8B93ADD90 /* Column.cpp */,
				D28751016ACF4AA6ABF67A0E /* Database.cpp */,
				CCB1D2F78E4142B9A3AF5E4C /* Statement.cpp */,
				121DF9332AC2413AA3315B52 /* Transaction.cpp */,
			);
			name = src;
			sourceTree = "<group>";
		};
		94EFD2488DAA43F38E3C43E3 /* src */ = {
			isa = PBXGroup;
			children = (
				5B5275B060424828AFC7E2EF /* cocSQLite.h */,
				727A97B123F642CEA5950C6B /* cocSQLite.cpp */,
			);
			name = src;
			sourceTree = "<group>";
		};
		A4E0C7C043E3493ABFCF0BB8 /* sqlite3 */ = {
			isa = PBXGroup;
			children = (
				8FB74369668D4C1CA8B3B0F7 /* sqlite3.h */,
				DC9BC0239236475E86C3829C /* sqlite3.c */,
			);
			name = sqlite3;
			sourceTree = "<group>";
		};
		B2EB902BFC484F819E46C542 /* SQLiteCpp */ = {
			isa = PBXGroup;
			children = (
				25EC65DF23F04D0B9B5D1543 /* include */,
				A4E0C7C043E3493ABFCF0BB8 /* sqlite3 */,
				872946DAB590419C8B60F074 /* src */,
			);
			name = SQLiteCpp;
			sourceTree = "<group>";
		};
		BA6BECA9384F4F85973F8111 /* CoC-SQLite */ = {
			isa = PBXGroup;
			children = (
				94EFD2488DAA43F38E3C43E3 /* src */,
				3F7F2FA60FFF4BD990B93A02 /* libs */,
			);
			name = "CoC-SQLite";
			sourceTree = "<group>";
		};
/* End PBXGroup section */

/* Begin PBXNativeTarget section */
		8D1107260486CEB800E47090 /* SQLiteSample */ = {
			isa = PBXNativeTarget;
			buildConfigurationList = C01FCF4A08A954540054247B /* Build configuration list for PBXNativeTarget "SQLiteSample" */;
			buildPhases = (
				8D1107290486CEB800E47090 /* Resources */,
				8D11072C0486CEB800E47090 /* Sources */,
				8D11072E0486CEB800E47090 /* Frameworks */,
			);
			buildRules = (
			);
			dependencies = (
			);
			name = SQLiteSample;
			productInstallPath = "$(HOME)/Applications";
			productName = SQLiteSample;
			productReference = 8D1107320486CEB800E47090 /* SQLiteSample.app */;
			productType = "com.apple.product-type.application";
		};
/* End PBXNativeTarget section */

/* Begin PBXProject section */
		29B97313FDCFA39411CA2CEA /* Project object */ = {
			isa = PBXProject;
			attributes = {
			};
			buildConfigurationList = C01FCF4E08A954540054247B /* Build configuration list for PBXProject "SQLiteSample" */;
			compatibilityVersion = "Xcode 3.2";
			developmentRegion = English;
			hasScannedForEncodings = 1;
			knownRegions = (
				English,
				Japanese,
				French,
				German,
			);
			mainGroup = 29B97314FDCFA39411CA2CEA /* SQLiteSample */;
			projectDirPath = "";
			projectRoot = "";
			targets = (
				8D1107260486CEB800E47090 /* SQLiteSample */,
			);
		};
/* End PBXProject section */

/* Begin PBXResourcesBuildPhase section */
		8D1107290486CEB800E47090 /* Resources */ = {
			isa = PBXResourcesBuildPhase;
			buildActionMask = 2147483647;
			files = (
				48F52010328A4BBEAE561643 /* CinderApp.icns in Resources */,
			);
			runOnlyForDeploymentPostprocessing = 0;
		};
/* End PBXResourcesBuildPhase section */

/* Begin PBXSourcesBuildPhase section */
		8D11072C0486CEB800E47090 /* Sources */ = {
			isa = PBXSourcesBuildPhase;
			buildActionMask = 2147483647;
			files = (
				5055A5CA6C974DDF84AC3407 /* SQLiteSampleApp.cpp in Sources */,
				C5EAE781A7964A3BA2989A53 /* cocSQLite.cpp in Sources */,
				5B622C35176740C39926CB27 /* sqlite3.c in Sources */,
				D2A8D81A61B047989564C34F /* Backup.cpp in Sources */,
				9F678882FA93446DBCE4FC66 /* Column.cpp in Sources */,
				7A4E84312F1345448DF5779D /* Database.cpp in Sources */,
				B63FFF40E86747C1B0118134 /* Statement.cpp in Sources */,
				7E69ACDA6FB44926AF354415 /* Transaction.cpp in Sources */,
			);
			runOnlyForDeploymentPostprocessing = 0;
		};
/* End PBXSourcesBuildPhase section */

/* Begin XCBuildConfiguration section */
		C01FCF4B08A954540054247B /* Debug */ = {
			isa = XCBuildConfiguration;
			buildSettings = {
				COMBINE_HIDPI_IMAGES = YES;
				COPY_PHASE_STRIP = NO;
				DEAD_CODE_STRIPPING = YES;
				GCC_DYNAMIC_NO_PIC = NO;
				GCC_INLINES_ARE_PRIVATE_EXTERN = YES;
				GCC_OPTIMIZATION_LEVEL = 0;
				GCC_PRECOMPILE_PREFIX_HEADER = YES;
				GCC_PREFIX_HEADER = SQLiteSample_Prefix.pch;
				GCC_PREPROCESSOR_DEFINITIONS = (
					"DEBUG=1",
					"$(inherited)",
				);
				GCC_SYMBOLS_PRIVATE_EXTERN = NO;
				INFOPLIST_FILE = Info.plist;
				INSTALL_PATH = "$(HOME)/Applications";
				OTHER_LDFLAGS = "\"$(CINDER_PATH)/lib/libcinder_d.a\"";
				PRODUCT_BUNDLE_IDENTIFIER = "org.libcinder.${PRODUCT_NAME:rfc1034identifier}";
				PRODUCT_NAME = SQLiteSample;
				SYMROOT = ./build;
				WRAPPER_EXTENSION = app;
			};
			name = Debug;
		};
		C01FCF4C08A954540054247B /* Release */ = {
			isa = XCBuildConfiguration;
			buildSettings = {
				COMBINE_HIDPI_IMAGES = YES;
				DEAD_CODE_STRIPPING = YES;
				DEBUG_INFORMATION_FORMAT = "dwarf-with-dsym";
				GCC_FAST_MATH = YES;
				GCC_GENERATE_DEBUGGING_SYMBOLS = NO;
				GCC_INLINES_ARE_PRIVATE_EXTERN = YES;
				GCC_OPTIMIZATION_LEVEL = 3;
				GCC_PRECOMPILE_PREFIX_HEADER = YES;
				GCC_PREFIX_HEADER = SQLiteSample_Prefix.pch;
				GCC_PREPROCESSOR_DEFINITIONS = (
					"NDEBUG=1",
					"$(inherited)",
				);
				GCC_SYMBOLS_PRIVATE_EXTERN = NO;
				INFOPLIST_FILE = Info.plist;
				INSTALL_PATH = "$(HOME)/Applications";
				OTHER_LDFLAGS = "\"$(CINDER_PATH)/lib/libcinder.a\"";
				PRODUCT_BUNDLE_IDENTIFIER = "org.libcinder.${PRODUCT_NAME:rfc1034identifier}";
				PRODUCT_NAME = SQLiteSample;
				STRIP_INSTALLED_PRODUCT = YES;
				SYMROOT = ./build;
				WRAPPER_EXTENSION = app;
			};
			name = Release;
		};
		C01FCF4F08A954540054247B /* Debug */ = {
			isa = XCBuildConfiguration;
			buildSettings = {
				ALWAYS_SEARCH_USER_PATHS = NO;
				CINDER_PATH = ../../../../..;
				CLANG_CXX_LANGUAGE_STANDARD = "c++11";
				CLANG_CXX_LIBRARY = "libc++";
				ENABLE_TESTABILITY = YES;
				GCC_WARN_ABOUT_RETURN_TYPE = YES;
				GCC_WARN_UNUSED_VARIABLE = YES;
				HEADER_SEARCH_PATHS = (
					"\"$(CINDER_PATH)/include\"",
					../../../libs/SQLiteCpp/include,
				);
				MACOSX_DEPLOYMENT_TARGET = 10.8;
				ONLY_ACTIVE_ARCH = YES;
				SDKROOT = macosx;
				USER_HEADER_SEARCH_PATHS = "\"$(CINDER_PATH)/include\" ../include";
			};
			name = Debug;
		};
		C01FCF5008A954540054247B /* Release */ = {
			isa = XCBuildConfiguration;
			buildSettings = {
				ALWAYS_SEARCH_USER_PATHS = NO;
				CINDER_PATH = ../../../../..;
				CLANG_CXX_LANGUAGE_STANDARD = "c++11";
				CLANG_CXX_LIBRARY = "libc++";
				GCC_WARN_ABOUT_RETURN_TYPE = YES;
				GCC_WARN_UNUSED_VARIABLE = YES;
				HEADER_SEARCH_PATHS = (
					"\"$(CINDER_PATH)/include\"",
					../../../libs/SQLiteCpp/include,
				);
				MACOSX_DEPLOYMENT_TARGET = 10.8;
				SDKROOT = macosx;
				USER_HEADER_SEARCH_PATHS = "\"$(CINDER_PATH)/include\" ../include";
			};
			name = Release;
		};
/* End XCBuildConfiguration section */

/* Begin XCConfigurationList section */
		C01FCF4A08A954540054247B /* Build configuration list for PBXNativeTarget "SQLiteSample" */ = {
			isa = XCConfigurationList;
			buildConfigurations = (
				C01FCF4B08A954540054247B /* Debug */,
				C01FCF4C08A954540054247B /* Release */,
			);
			defaultConfigurationIsVisible = 0;
			defaultConfigurationName = Release;
		};
		C01FCF4E08A954540054247B /* Build configuration list for PBXProject "SQLiteSample" */ = {
			isa = XCConfigurationList;
			buildConfigurations = (
				C01FCF4F08A954540054247B /* Debug */,
				C01FCF5008A954540054247B /* Release */,
			);
			defaultConfigurationIsVisible = 0;
			defaultConfigurationName = Release;
		};
/* End XCConfigurationList section */
	};
	rootObject = 29B97313FDCFA39411CA2CEA /* Project object */;
}
